
Microsoft Visual Studio Solution File, Format Version 12.00
# Visual Studio Version 17
VisualStudioVersion = 17.4.33205.214
MinimumVisualStudioVersion = 10.0.40219.1
Project("{FAE04EC0-301F-11D3-BF4B-00C04F79EFBC}") = "ConsoleApp1", "ConsoleApp1.csproj", "{F44CC61A-98B0-4D8B-9A31-A64C5A6C6713}"
EndProject
Global
	GlobalSection(SolutionConfigurationPlatforms) = preSolution
		Debug|Any CPU = Debug|Any CPU
		Release|Any CPU = Release|Any CPU
	EndGlobalSection
	GlobalSection(ProjectConfigurationPlatforms) = postSolution
		{F44CC61A-98B0-4D8B-9A31-A64C5A6C6713}.Debug|Any CPU.ActiveCfg = Debug|Any CPU
		{F44CC61A-98B0-4D8B-9A31-A64C5A6C6713}.Debug|Any CPU.Build.0 = Debug|Any CPU
		{F44CC61A-98B0-4D8B-9A31-A64C5A6C6713}.Release|Any CPU.ActiveCfg = Release|Any CPU
		{F44CC61A-98B0-4D8B-9A31-A64C5A6C6713}.Release|Any CPU.Build.0 = Release|Any CPU
	EndGlobalSection
	GlobalSection(SolutionProperties) = preSolution
		HideSolutionNode = FALSE
	EndGlobalSection
	GlobalSection(ExtensibilityGlobals) = postSolution
		SolutionGuid = {867CDC8A-DCED-4BBD-A131-1F15718AAB0D}
	EndGlobalSection
EndGlobal
